{
    "_meta": {
        "hash": {
            "sha256": "425b2c5690235cae184fb770d7ea34aea5cf90d48975f282357a21426dd5ca12"
        },
        "pipfile-spec": 6,
        "requires": {
            "python_version": "3.6"
        },
        "sources": [
            {
                "name": "pypi",
                "url": "https://pypi.org/simple",
                "verify_ssl": true
            }
        ]
    },
    "default": {
        "certifi": {
            "hashes": [
                "sha256:046832c04d4e752f37383b628bc601a7ea7211496b4638f6514d0e5b9acc4939",
                "sha256:945e3ba63a0b9f577b1395204e13c3a231f9bc0223888be653286534e5873695"
            ],
            "version": "==2019.6.16"
        },
        "chardet": {
            "hashes": [
                "sha256:84ab92ed1c4d4f16916e05906b6b75a6c0fb5db821cc65e70cbd64a3e2a5eaae",
                "sha256:fc323ffcaeaed0e0a02bf4d117757b98aed530d9ed4531e3e15460124c106691"
            ],
            "version": "==3.0.4"
        },
        "gevent": {
            "hashes": [
                "sha256:018677cd18b9e8f20d118fc425ffde9b7ce281aa39d66a9b689153bfaa40661d",
                "sha256:0835990d528f1b613df99816b409d4916dee487e87289837375a49772e748a29",
                "sha256:09120f9c75af384f8ac65b8459e033fd99ab5fd665b3c01e3a2470c39c3cf60b",
                "sha256:0bd38a07e723f5a7feea267a3cf7a19db65583552b5d2960050df1208e396f2b",
                "sha256:1141c62acee22328436cb09a7e1bcc6f652e88cf913d5de1066b38b6af7e221d",
                "sha256:17a9686ed963c7f0d370bc096b0c91e19d99f2e04f65a5de2695577e1071d887",
                "sha256:1acf2cb1b8c3c34f53397d7e5a1f883b1697fc5fd49789887583c3121332bdca",
                "sha256:34d2d1dfade0f83f8938f69c981f1b281a8756d6cabcc60daa1ee3f3f1f1e5f2",
                "sha256:63d9deb376144836e760207c2d7cd009b3b6a2e01f3634dcfc07d9d3b396cfe4",
                "sha256:66f87af4894de2f2a739776737b47088770554003ddcf706ce8567d2e48a1c78",
                "sha256:6c08d260cae5b28d6a8d3a26e2a8759e65b1585877ce218f5140f465b0c6f846",
                "sha256:76d3a9575c86c3f6d865d2688adb6bf6eb43bb9dd90136224c746535137133eb",
                "sha256:80a6da1437e3b6afe197477bbf80c7d0a6efa3265f99c3064e2a17d811485a9f",
                "sha256:8fa234dadacf8e1920c088bd7ee2220a2a5e45f098b6f603995bb3e4bb27877a",
                "sha256:9b324d004229e438f8c0cbe7617c06acaf6c9d9df400615249f39704d0fbb5c7",
                "sha256:b3b17b3e41d7f531d30d1461deccb346bba7a54f09a7f4a1686abf6c2731acb6",
                "sha256:c3afebb579423081b29a800d65838fe79292f7adf85e72f0734bd628bffbf624",
                "sha256:c59a7e837023db0b1c69a22820732d49f52cdb9a18c2d828cfce09f8dacd9f7d",
                "sha256:de2bed77aca19ad915293a916c67cff8eb36e3616828d91e2ed4cc16f1d9f967",
                "sha256:df9c99c4e23e795f342b9bb489f209f569fb549095b7b3ca1b31bd2c6a2106d7"
            ],
            "index": "pypi",
            "version": "==1.5a1"
        },
        "greenlet": {
            "hashes": [
                "sha256:000546ad01e6389e98626c1367be58efa613fa82a1be98b0c6fc24b563acc6d0",
                "sha256:0d48200bc50cbf498716712129eef819b1729339e34c3ae71656964dac907c28",
                "sha256:23d12eacffa9d0f290c0fe0c4e81ba6d5f3a5b7ac3c30a5eaf0126bf4deda5c8",
                "sha256:37c9ba82bd82eb6a23c2e5acc03055c0e45697253b2393c9a50cef76a3985304",
                "sha256:51503524dd6f152ab4ad1fbd168fc6c30b5795e8c70be4410a64940b3abb55c0",
                "sha256:8041e2de00e745c0e05a502d6e6db310db7faa7c979b3a5877123548a4c0b214",
                "sha256:81fcd96a275209ef117e9ec91f75c731fa18dcfd9ffaa1c0adbdaa3616a86043",
                "sha256:853da4f9563d982e4121fed8c92eea1a4594a2299037b3034c3c898cb8e933d6",
                "sha256:8b4572c334593d449113f9dc8d19b93b7b271bdbe90ba7509eb178923327b625",
                "sha256:9416443e219356e3c31f1f918a91badf2e37acf297e2fa13d24d1cc2380f8fbc",
                "sha256:9854f612e1b59ec66804931df5add3b2d5ef0067748ea29dc60f0efdcda9a638",
                "sha256:99a26afdb82ea83a265137a398f570402aa1f2b5dfb4ac3300c026931817b163",
                "sha256:a19bf883b3384957e4a4a13e6bd1ae3d85ae87f4beb5957e35b0be287f12f4e4",
                "sha256:a9f145660588187ff835c55a7d2ddf6abfc570c2651c276d3d4be8a2766db490",
                "sha256:ac57fcdcfb0b73bb3203b58a14501abb7e5ff9ea5e2edfa06bb03035f0cff248",
                "sha256:bcb530089ff24f6458a81ac3fa699e8c00194208a724b644ecc68422e1111939",
                "sha256:beeabe25c3b704f7d56b573f7d2ff88fc99f0138e43480cecdfcaa3b87fe4f87",
                "sha256:d634a7ea1fc3380ff96f9e44d8d22f38418c1c381d5fac680b272d7d90883720",
                "sha256:d97b0661e1aead761f0ded3b769044bb00ed5d33e1ec865e891a8b128bf7c656"
            ],
            "markers": "platform_python_implementation == 'CPython'",
            "version": "==0.4.15"
        },
        "idna": {
            "hashes": [
                "sha256:c357b3f628cf53ae2c4c05627ecc484553142ca23264e593d327bcde5e9c3407",
                "sha256:ea8b7f6188e6fa117537c3df7da9fc686d485087abf6ac197f9c46432f7e4a3c"
            ],
            "version": "==2.8"
        },
        "requests": {
            "hashes": [
                "sha256:11e007a8a2aa0323f5a921e9e6a2d7e4e67d9877e85773fba9ba6419025cbeb4",
                "sha256:9cf5292fcd0f598c671cfc1e0d7d1a7f13bb8085e9a590f48c010551dc6c4b31"
            ],
            "index": "pypi",
            "version": "==2.22.0"
        },
        "urllib3": {
            "hashes": [
                "sha256:b246607a25ac80bedac05c6f282e3cdaf3afb65420fd024ac94435cabe6e18d1",
                "sha256:dbe59173209418ae49d485b87d1681aefa36252ee85884c31346debd19463232"
            ],
            "version": "==1.25.3"
        }
    },
    "develop": {}
}
